
Microsoft Visual Studio Solution File, Format Version 12.00
# Visual Studio 15
VisualStudioVersion = 15.0.26430.15
MinimumVisualStudioVersion = 10.0.40219.1
Project("{FAE04EC0-301F-11D3-BF4B-00C04F79EFBC}") = "Xamarin.BookReader", "Xamarin.BookReader\Xamarin.BookReader.csproj", "{DFAC8E5E-00F6-43D7-B179-2A147D7900DB}"
EndProject
Project("{FAE04EC0-301F-11D3-BF4B-00C04F79EFBC}") = "EasyAdapterLibrary", "EasyAdapterLibrary\EasyAdapterLibrary.csproj", "{E3549BD2-D270-4DDA-9ABA-175CA7824205}"
EndProject
Project("{FAE04EC0-301F-11D3-BF4B-00C04F79EFBC}") = "Binding_Eventbus", "Xamarin.BookReader\AndroidBindings\Binding_Eventbus\Binding_Eventbus.csproj", "{CC0D43A0-EEFD-4B2F-9FA4-D6100236492A}"
EndProject
Project("{FAE04EC0-301F-11D3-BF4B-00C04F79EFBC}") = "Binding_PhotoView", "Xamarin.BookReader\AndroidBindings\Binding_PhotoView\Binding_PhotoView.csproj", "{3495710E-61F4-438F-B3D1-27261401C241}"
EndProject
Project("{FAE04EC0-301F-11D3-BF4B-00C04F79EFBC}") = "Binding_Tagsoup", "Xamarin.BookReader\AndroidBindings\Binding_Tagsoup\Binding_Tagsoup.csproj", "{F5E4B6AD-16C7-4A0A-B090-D6EC2C2051EB}"
EndProject
Global
	GlobalSection(SolutionConfigurationPlatforms) = preSolution
		Debug|Any CPU = Debug|Any CPU
		Release|Any CPU = Release|Any CPU
	EndGlobalSection
	GlobalSection(ProjectConfigurationPlatforms) = postSolution
		{DFAC8E5E-00F6-43D7-B179-2A147D7900DB}.Debug|Any CPU.ActiveCfg = Debug|Any CPU
		{DFAC8E5E-00F6-43D7-B179-2A147D7900DB}.Debug|Any CPU.Build.0 = Debug|Any CPU
		{DFAC8E5E-00F6-43D7-B179-2A147D7900DB}.Debug|Any CPU.Deploy.0 = Debug|Any CPU
		{DFAC8E5E-00F6-43D7-B179-2A147D7900DB}.Release|Any CPU.ActiveCfg = Release|Any CPU
		{DFAC8E5E-00F6-43D7-B179-2A147D7900DB}.Release|Any CPU.Build.0 = Release|Any CPU
		{DFAC8E5E-00F6-43D7-B179-2A147D7900DB}.Release|Any CPU.Deploy.0 = Release|Any CPU
		{E3549BD2-D270-4DDA-9ABA-175CA7824205}.Debug|Any CPU.ActiveCfg = Debug|Any CPU
		{E3549BD2-D270-4DDA-9ABA-175CA7824205}.Debug|Any CPU.Build.0 = Debug|Any CPU
		{E3549BD2-D270-4DDA-9ABA-175CA7824205}.Release|Any CPU.ActiveCfg = Release|Any CPU
		{E3549BD2-D270-4DDA-9ABA-175CA7824205}.Release|Any CPU.Build.0 = Release|Any CPU
		{CC0D43A0-EEFD-4B2F-9FA4-D6100236492A}.Debug|Any CPU.ActiveCfg = Debug|Any CPU
		{CC0D43A0-EEFD-4B2F-9FA4-D6100236492A}.Debug|Any CPU.Build.0 = Debug|Any CPU
		{CC0D43A0-EEFD-4B2F-9FA4-D6100236492A}.Release|Any CPU.ActiveCfg = Release|Any CPU
		{CC0D43A0-EEFD-4B2F-9FA4-D6100236492A}.Release|Any CPU.Build.0 = Release|Any CPU
		{3495710E-61F4-438F-B3D1-27261401C241}.Debug|Any CPU.ActiveCfg = Debug|Any CPU
		{3495710E-61F4-438F-B3D1-27261401C241}.Debug|Any CPU.Build.0 = Debug|Any CPU
		{3495710E-61F4-438F-B3D1-27261401C241}.Release|Any CPU.ActiveCfg = Release|Any CPU
		{3495710E-61F4-438F-B3D1-27261401C241}.Release|Any CPU.Build.0 = Release|Any CPU
		{F5E4B6AD-16C7-4A0A-B090-D6EC2C2051EB}.Debug|Any CPU.ActiveCfg = Debug|Any CPU
		{F5E4B6AD-16C7-4A0A-B090-D6EC2C2051EB}.Debug|Any CPU.Build.0 = Debug|Any CPU
		{F5E4B6AD-16C7-4A0A-B090-D6EC2C2051EB}.Release|Any CPU.ActiveCfg = Release|Any CPU
		{F5E4B6AD-16C7-4A0A-B090-D6EC2C2051EB}.Release|Any CPU.Build.0 = Release|Any CPU
	EndGlobalSection
	GlobalSection(SolutionProperties) = preSolution
		HideSolutionNode = FALSE
	EndGlobalSection
EndGlobal
